
Microsoft Visual Studio Solution File, Format Version 12.00
# Visual Studio Version 17
VisualStudioVersion = 17.12.35527.113
MinimumVisualStudioVersion = 10.0.40219.1
Project("{9A19103F-16F7-4668-BE54-9A1E7A4F7556}") = "HotelReservation", "HotelReservation\HotelReservation.csproj", "{B8AC6A69-FBEF-46CB-BBCA-8B68AA9CA661}"
EndProject
Global
	GlobalSection(SolutionConfigurationPlatforms) = preSolution
		Debug|Any CPU = Debug|Any CPU
		Release|Any CPU = Release|Any CPU
	EndGlobalSection
	GlobalSection(ProjectConfigurationPlatforms) = postSolution
		{B8AC6A69-FBEF-46CB-BBCA-8B68AA9CA661}.Debug|Any CPU.ActiveCfg = Debug|Any CPU
		{B8AC6A69-FBEF-46CB-BBCA-8B68AA9CA661}.Debug|Any CPU.Build.0 = Debug|Any CPU
		{B8AC6A69-FBEF-46CB-BBCA-8B68AA9CA661}.Release|Any CPU.ActiveCfg = Release|Any CPU
		{B8AC6A69-FBEF-46CB-BBCA-8B68AA9CA661}.Release|Any CPU.Build.0 = Release|Any CPU
	EndGlobalSection
	GlobalSection(SolutionProperties) = preSolution
		HideSolutionNode = FALSE
	EndGlobalSection
	GlobalSection(ExtensibilityGlobals) = postSolution
		SolutionGuid = {6BCB5BD9-7FDE-4F94-83EB-337A01A835F6}
	EndGlobalSection
EndGlobal
